
Microsoft Visual Studio Solution File, Format Version 12.00
# Visual Studio Version 16
VisualStudioVersion = 16.0.31205.134
MinimumVisualStudioVersion = 10.0.40219.1
Project("{FAE04EC0-301F-11D3-BF4B-00C04F79EFBC}") = "ImageClassificationTestProject", "ImageClassificationTestProject\ImageClassificationTestProject.csproj", "{E99D1A06-2477-4A98-A227-3485C79F25F3}"
EndProject
Global
	GlobalSection(SolutionConfigurationPlatforms) = preSolution
		Debug|ARM = Debug|ARM
		Debug|ARM64 = Debug|ARM64
		Debug|x64 = Debug|x64
		Debug|x86 = Debug|x86
		Release|ARM = Release|ARM
		Release|ARM64 = Release|ARM64
		Release|x64 = Release|x64
		Release|x86 = Release|x86
	EndGlobalSection
	GlobalSection(ProjectConfigurationPlatforms) = postSolution
		{E99D1A06-2477-4A98-A227-3485C79F25F3}.Debug|ARM.ActiveCfg = Debug|ARM
		{E99D1A06-2477-4A98-A227-3485C79F25F3}.Debug|ARM.Build.0 = Debug|ARM
		{E99D1A06-2477-4A98-A227-3485C79F25F3}.Debug|ARM.Deploy.0 = Debug|ARM
		{E99D1A06-2477-4A98-A227-3485C79F25F3}.Debug|ARM64.ActiveCfg = Debug|ARM64
		{E99D1A06-2477-4A98-A227-3485C79F25F3}.Debug|ARM64.Build.0 = Debug|ARM64
		{E99D1A06-2477-4A98-A227-3485C79F25F3}.Debug|ARM64.Deploy.0 = Debug|ARM64
		{E99D1A06-2477-4A98-A227-3485C79F25F3}.Debug|x64.ActiveCfg = Debug|x64
		{E99D1A06-2477-4A98-A227-3485C79F25F3}.Debug|x64.Build.0 = Debug|x64
		{E99D1A06-2477-4A98-A227-3485C79F25F3}.Debug|x64.Deploy.0 = Debug|x64
		{E99D1A06-2477-4A98-A227-3485C79F25F3}.Debug|x86.ActiveCfg = Debug|x86
		{E99D1A06-2477-4A98-A227-3485C79F25F3}.Debug|x86.Build.0 = Debug|x86
		{E99D1A06-2477-4A98-A227-3485C79F25F3}.Debug|x86.Deploy.0 = Debug|x86
		{E99D1A06-2477-4A98-A227-3485C79F25F3}.Release|ARM.ActiveCfg = Release|ARM
		{E99D1A06-2477-4A98-A227-3485C79F25F3}.Release|ARM.Build.0 = Release|ARM
		{E99D1A06-2477-4A98-A227-3485C79F25F3}.Release|ARM.Deploy.0 = Release|ARM
		{E99D1A06-2477-4A98-A227-3485C79F25F3}.Release|ARM64.ActiveCfg = Release|ARM64
		{E99D1A06-2477-4A98-A227-3485C79F25F3}.Release|ARM64.Build.0 = Release|ARM64
		{E99D1A06-2477-4A98-A227-3485C79F25F3}.Release|ARM64.Deploy.0 = Release|ARM64
		{E99D1A06-2477-4A98-A227-3485C79F25F3}.Release|x64.ActiveCfg = Release|x64
		{E99D1A06-2477-4A98-A227-3485C79F25F3}.Release|x64.Build.0 = Release|x64
		{E99D1A06-2477-4A98-A227-3485C79F25F3}.Release|x64.Deploy.0 = Release|x64
		{E99D1A06-2477-4A98-A227-3485C79F25F3}.Release|x86.ActiveCfg = Release|x86
		{E99D1A06-2477-4A98-A227-3485C79F25F3}.Release|x86.Build.0 = Release|x86
		{E99D1A06-2477-4A98-A227-3485C79F25F3}.Release|x86.Deploy.0 = Release|x86
	EndGlobalSection
	GlobalSection(SolutionProperties) = preSolution
		HideSolutionNode = FALSE
	EndGlobalSection
	GlobalSection(ExtensibilityGlobals) = postSolution
		SolutionGuid = {37EAE960-29A2-4CD0-ACFD-064A50315C9F}
	EndGlobalSection
EndGlobal
